// !$*UTF8*$!
{
	archiveVersion = 1;
	classes = {
	};
	objectVersion = 46;
	objects = {

/* Begin PBXBuildFile section */
		52EED6591CB265EF0015D137 /* AppDelegate.swift in Sources */ = {isa = PBXBuildFile; fileRef = 52EED6581CB265EF0015D137 /* AppDelegate.swift */; };
		52EED65B1CB265EF0015D137 /* ViewController.swift in Sources */ = {isa = PBXBuildFile; fileRef = 52EED65A1CB265EF0015D137 /* ViewController.swift */; };
		52EED6601CB265EF0015D137 /* Assets.xcassets in Resources */ = {isa = PBXBuildFile; fileRef = 52EED65F1CB265EF0015D137 /* Assets.xcassets */; };
		52EED6631CB265EF0015D137 /* LaunchScreen.storyboard in Resources */ = {isa = PBXBuildFile; fileRef = 52EED6611CB265EF0015D137 /* LaunchScreen.storyboard */; };
		52EED66E1CB265EF0015D137 /* gello_worldTests.swift in Sources */ = {isa = PBXBuildFile; fileRef = 52EED66D1CB265EF0015D137 /* gello_worldTests.swift */; };
		52EED6791CB265EF0015D137 /* gello_worldUITests.swift in Sources */ = {isa = PBXBuildFile; fileRef = 52EED6781CB265EF0015D137 /* gello_worldUITests.swift */; };
/* End PBXBuildFile section */

/* Begin PBXContainerItemProxy section */
		52EED66A1CB265EF0015D137 /* PBXContainerItemProxy */ = {
			isa = PBXContainerItemProxy;
			containerPortal = 52EED64D1CB265EF0015D137 /* Project object */;
			proxyType = 1;
			remoteGlobalIDString = 52EED6541CB265EF0015D137;
			remoteInfo = "gello world";
		};
		52EED6751CB265EF0015D137 /* PBXContainerItemProxy */ = {
			isa = PBXContainerItemProxy;
			containerPortal = 52EED64D1CB265EF0015D137 /* Project object */;
			proxyType = 1;
			remoteGlobalIDString = 52EED6541CB265EF0015D137;
			remoteInfo = "gello world";
		};
/* End PBXContainerItemProxy section */

/* Begin PBXFileReference section */
		5262DEA21CB26D8C0004E28C /* MyPlayground.playground */ = {isa = PBXFileReference; lastKnownFileType = file.playground; path = MyPlayground.playground; sourceTree = "<group>"; };
		52EED6551CB265EF0015D137 /* gello world.app */ = {isa = PBXFileReference; explicitFileType = wrapper.application; includeInIndex = 0; path = "gello world.app"; sourceTree = BUILT_PRODUCTS_DIR; };
		52EED6581CB265EF0015D137 /* AppDelegate.swift */ = {isa = PBXFileReference; lastKnownFileType = sourcecode.swift; path = AppDelegate.swift; sourceTree = "<group>"; };
		52EED65A1CB265EF0015D137 /* ViewController.swift */ = {isa = PBXFileReference; lastKnownFileType = sourcecode.swift; path = ViewController.swift; sourceTree = "<group>"; };
		52EED65F1CB265EF0015D137 /* Assets.xcassets */ = {isa = PBXFileReference; lastKnownFileType = folder.assetcatalog; path = Assets.xcassets; sourceTree = "<group>"; };
		52EED6621CB265EF0015D137 /* Base */ = {isa = PBXFileReference; lastKnownFileType = file.storyboard; name = Base; path = Base.lproj/LaunchScreen.storyboard; sourceTree = "<group>"; };
		52EED6641CB265EF0015D137 /* Info.plist */ = {isa = PBXFileReference; lastKnownFileType = text.plist.xml; path = Info.plist; sourceTree = "<group>"; };
		52EED6691CB265EF0015D137 /* gello worldTests.xctest */ = {isa = PBXFileReference; explicitFileType = wrapper.cfbundle; includeInIndex = 0; path = "gello worldTests.xctest"; sourceTree = BUILT_PRODUCTS_DIR; };
		52EED66D1CB265EF0015D137 /* gello_worldTests.swift */ = {isa = PBXFileReference; lastKnownFileType = sourcecode.swift; path = gello_worldTests.swift; sourceTree = "<group>"; };
		52EED66F1CB265EF0015D137 /* Info.plist */ = {isa = PBXFileReference; lastKnownFileType = text.plist.xml; path = Info.plist; sourceTree = "<group>"; };
		52EED6741CB265EF0015D137 /* gello worldUITests.xctest */ = {isa = PBXFileReference; explicitFileType = wrapper.cfbundle; includeInIndex = 0; path = "gello worldUITests.xctest"; sourceTree = BUILT_PRODUCTS_DIR; };
		52EED6781CB265EF0015D137 /* gello_worldUITests.swift */ = {isa = PBXFileReference; lastKnownFileType = sourcecode.swift; path = gello_worldUITests.swift; sourceTree = "<group>"; };
		52EED67A1CB265EF0015D137 /* Info.plist */ = {isa = PBXFileReference; lastKnownFileType = text.plist.xml; path = Info.plist; sourceTree = "<group>"; };
/* End PBXFileReference section */

/* Begin PBXFrameworksBuildPhase section */
		52EED6521CB265EF0015D137 /* Frameworks */ = {
			isa = PBXFrameworksBuildPhase;
			buildActionMask = 2147483647;
			files = (
			);
			runOnlyForDeploymentPostprocessing = 0;
		};
		52EED6661CB265EF0015D137 /* Frameworks */ = {
			isa = PBXFrameworksBuildPhase;
			buildActionMask = 2147483647;
			files = (
			);
			runOnlyForDeploymentPostprocessing = 0;
		};
		52EED6711CB265EF0015D137 /* Frameworks */ = {
			isa = PBXFrameworksBuildPhase;
			buildActionMask = 2147483647;
			files = (
			);
			runOnlyForDeploymentPostprocessing = 0;
		};
/* End PBXFrameworksBuildPhase section */

/* Begin PBXGroup section */
		52EED64C1CB265EF0015D137 = {
			isa = PBXGroup;
			children = (
				5262DEA21CB26D8C0004E28C /* MyPlayground.playground */,
				52EED6571CB265EF0015D137 /* gello world */,
				52EED66C1CB265EF0015D137 /* gello worldTests */,
				52EED6771CB265EF0015D137 /* gello worldUITests */,
				52EED6561CB265EF0015D137 /* Products */,
			);
			sourceTree = "<group>";
		};
		52EED6561CB265EF0015D137 /* Products */ = {
			isa = PBXGroup;
			children = (
				52EED6551CB265EF0015D137 /* gello world.app */,
				52EED6691CB265EF0015D137 /* gello worldTests.xctest */,
				52EED6741CB265EF0015D137 /* gello worldUITests.xctest */,
			);
			name = Products;
			sourceTree = "<group>";
		};
		52EED6571CB265EF0015D137 /* gello world */ = {
			isa = PBXGroup;
			children = (
				52EED6581CB265EF0015D137 /* AppDelegate.swift */,
				52EED65A1CB265EF0015D137 /* ViewController.swift */,
				52EED65F1CB265EF0015D137 /* Assets.xcassets */,
				52EED6611CB265EF0015D137 /* LaunchScreen.storyboard */,
				52EED6641CB265EF0015D137 /* Info.plist */,
			);
			path = "gello world";
			sourceTree = "<group>";
		};
		52EED66C1CB265EF0015D137 /* gello worldTests */ = {
			isa = PBXGroup;
			children = (
				52EED66D1CB265EF0015D137 /* gello_worldTests.swift */,
				52EED66F1CB265EF0015D137 /* Info.plist */,
			);
			path = "gello worldTests";
			sourceTree = "<group>";
		};
		52EED6771CB265EF0015D137 /* gello worldUITests */ = {
			isa = PBXGroup;
			children = (
				52EED6781CB265EF0015D137 /* gello_worldUITests.swift */,
				52EED67A1CB265EF0015D137 /* Info.plist */,
			);
			path = "gello worldUITests";
			sourceTree = "<group>";
		};
/* End PBXGroup section */

/* Begin PBXNativeTarget section */
		52EED6541CB265EF0015D137 /* gello world */ = {
			isa = PBXNativeTarget;
			buildConfigurationList = 52EED67D1CB265EF0015D137 /* Build configuration list for PBXNativeTarget "gello world" */;
			buildPhases = (
				52EED6511CB265EF0015D137 /* Sources */,
				52EED6521CB265EF0015D137 /* Frameworks */,
				52EED6531CB265EF0015D137 /* Resources */,
			);
			buildRules = (
			);
			dependencies = (
			);
			name = "gello world";
			productName = "gello world";
			productReference = 52EED6551CB265EF0015D137 /* gello world.app */;
			productType = "com.apple.product-type.application";
		};
		52EED6681CB265EF0015D137 /* gello worldTests */ = {
			isa = PBXNativeTarget;
			buildConfigurationList = 52EED6801CB265EF0015D137 /* Build configuration list for PBXNativeTarget "gello worldTests" */;
			buildPhases = (
				52EED6651CB265EF0015D137 /* Sources */,
				52EED6661CB265EF0015D137 /* Frameworks */,
				52EED6671CB265EF0015D137 /* Resources */,
			);
			buildRules = (
			);
			dependencies = (
				52EED66B1CB265EF0015D137 /* PBXTargetDependency */,
			);
			name = "gello worldTests";
			productName = "gello worldTests";
			productReference = 52EED6691CB265EF0015D137 /* gello worldTests.xctest */;
			productType = "com.apple.product-type.bundle.unit-test";
		};
		52EED6731CB265EF0015D137 /* gello worldUITests */ = {
			isa = PBXNativeTarget;
			buildConfigurationList = 52EED6831CB265EF0015D137 /* Build configuration list for PBXNativeTarget "gello worldUITests" */;
			buildPhases = (
				52EED6701CB265EF0015D137 /* Sources */,
				52EED6711CB265EF0015D137 /* Frameworks */,
				52EED6721CB265EF0015D137 /* Resources */,
			);
			buildRules = (
			);
			dependencies = (
				52EED6761CB265EF0015D137 /* PBXTargetDependency */,
			);
			name = "gello worldUITests";
			productName = "gello worldUITests";
			productReference = 52EED6741CB265EF0015D137 /* gello worldUITests.xctest */;
			productType = "com.apple.product-type.bundle.ui-testing";
		};
/* End PBXNativeTarget section */

/* Begin PBXProject section */
		52EED64D1CB265EF0015D137 /* Project object */ = {
			isa = PBXProject;
			attributes = {
				LastSwiftUpdateCheck = 0730;
				LastUpgradeCheck = 0730;
				ORGANIZATIONNAME = "互动";
				TargetAttributes = {
					52EED6541CB265EF0015D137 = {
						CreatedOnToolsVersion = 7.3;
					};
					52EED6681CB265EF0015D137 = {
						CreatedOnToolsVersion = 7.3;
						TestTargetID = 52EED6541CB265EF0015D137;
					};
					52EED6731CB265EF0015D137 = {
						CreatedOnToolsVersion = 7.3;
						TestTargetID = 52EED6541CB265EF0015D137;
					};
				};
			};
			buildConfigurationList = 52EED6501CB265EF0015D137 /* Build configuration list for PBXProject "gello world" */;
			compatibilityVersion = "Xcode 3.2";
			developmentRegion = English;
			hasScannedForEncodings = 0;
			knownRegions = (
				en,
				Base,
			);
			mainGroup = 52EED64C1CB265EF0015D137;
			productRefGroup = 52EED6561CB265EF0015D137 /* Products */;
			projectDirPath = "";
			projectRoot = "";
			targets = (
				52EED6541CB265EF0015D137 /* gello world */,
				52EED6681CB265EF0015D137 /* gello worldTests */,
				52EED6731CB265EF0015D137 /* gello worldUITests */,
			);
		};
/* End PBXProject section */

/* Begin PBXResourcesBuildPhase section */
		52EED6531CB265EF0015D137 /* Resources */ = {
			isa = PBXResourcesBuildPhase;
			buildActionMask = 2147483647;
			files = (
				52EED6631CB265EF0015D137 /* LaunchScreen.storyboard in Resources */,
				52EED6601CB265EF0015D137 /* Assets.xcassets in Resources */,
			);
			runOnlyForDeploymentPostprocessing = 0;
		};
		52EED6671CB265EF0015D137 /* Resources */ = {
			isa = PBXResourcesBuildPhase;
			buildActionMask = 2147483647;
			files = (
			);
			runOnlyForDeploymentPostprocessing = 0;
		};
		52EED6721CB265EF0015D137 /* Resources */ = {
			isa = PBXResourcesBuildPhase;
			buildActionMask = 2147483647;
			files = (
			);
			runOnlyForDeploymentPostprocessing = 0;
		};
/* End PBXResourcesBuildPhase section */

/* Begin PBXSourcesBuildPhase section */
		52EED6511CB265EF0015D137 /* Sources */ = {
			isa = PBXSourcesBuildPhase;
			buildActionMask = 2147483647;
			files = (
				52EED65B1CB265EF0015D137 /* ViewController.swift in Sources */,
				52EED6591CB265EF0015D137 /* AppDelegate.swift in Sources */,
			);
			runOnlyForDeploymentPostprocessing = 0;
		};
		52EED6651CB265EF0015D137 /* Sources */ = {
			isa = PBXSourcesBuildPhase;
			buildActionMask = 2147483647;
			files = (
				52EED66E1CB265EF0015D137 /* gello_worldTests.swift in Sources */,
			);
			runOnlyForDeploymentPostprocessing = 0;
		};
		52EED6701CB265EF0015D137 /* Sources */ = {
			isa = PBXSourcesBuildPhase;
			buildActionMask = 2147483647;
			files = (
				52EED6791CB265EF0015D137 /* gello_worldUITests.swift in Sources */,
			);
			runOnlyForDeploymentPostprocessing = 0;
		};
/* End PBXSourcesBuildPhase section */

/* Begin PBXTargetDependency section */
		52EED66B1CB265EF0015D137 /* PBXTargetDependency */ = {
			isa = PBXTargetDependency;
			target = 52EED6541CB265EF0015D137 /* gello world */;
			targetProxy = 52EED66A1CB265EF0015D137 /* PBXContainerItemProxy */;
		};
		52EED6761CB265EF0015D137 /* PBXTargetDependency */ = {
			isa = PBXTargetDependency;
			target = 52EED6541CB265EF0015D137 /* gello world */;
			targetProxy = 52EED6751CB265EF0015D137 /* PBXContainerItemProxy */;
		};
/* End PBXTargetDependency section */

/* Begin PBXVariantGroup section */
		52EED6611CB265EF0015D137 /* LaunchScreen.storyboard */ = {
			isa = PBXVariantGroup;
			children = (
				52EED6621CB265EF0015D137 /* Base */,
			);
			name = LaunchScreen.storyboard;
			sourceTree = "<group>";
		};
/* End PBXVariantGroup section */

/* Begin XCBuildConfiguration section */
		52EED67B1CB265EF0015D137 /* Debug */ = {
			isa = XCBuildConfiguration;
			buildSettings = {
				ALWAYS_SEARCH_USER_PATHS = NO;
				CLANG_ANALYZER_NONNULL = YES;
				CLANG_CXX_LANGUAGE_STANDARD = "gnu++0x";
				CLANG_CXX_LIBRARY = "libc++";
				CLANG_ENABLE_MODULES = YES;
				CLANG_ENABLE_OBJC_ARC = YES;
				CLANG_WARN_BOOL_CONVERSION = YES;
				CLANG_WARN_CONSTANT_CONVERSION = YES;
				CLANG_WARN_DIRECT_OBJC_ISA_USAGE = YES_ERROR;
				CLANG_WARN_EMPTY_BODY = YES;
				CLANG_WARN_ENUM_CONVERSION = YES;
				CLANG_WARN_INT_CONVERSION = YES;
				CLANG_WARN_OBJC_ROOT_CLASS = YES_ERROR;
				CLANG_WARN_UNREACHABLE_CODE = YES;
				CLANG_WARN__DUPLICATE_METHOD_MATCH = YES;
				"CODE_SIGN_IDENTITY[sdk=iphoneos*]" = "iPhone Developer";
				COPY_PHASE_STRIP = NO;
				DEBUG_INFORMATION_FORMAT = dwarf;
				ENABLE_STRICT_OBJC_MSGSEND = YES;
				ENABLE_TESTABILITY = YES;
				GCC_C_LANGUAGE_STANDARD = gnu99;
				GCC_DYNAMIC_NO_PIC = NO;
				GCC_NO_COMMON_BLOCKS = YES;
				GCC_OPTIMIZATION_LEVEL = 0;
				GCC_PREPROCESSOR_DEFINITIONS = (
					"DEBUG=1",
					"$(inherited)",
				);
				GCC_WARN_64_TO_32_BIT_CONVERSION = YES;
				GCC_WARN_ABOUT_RETURN_TYPE = YES_ERROR;
				GCC_WARN_UNDECLARED_SELECTOR = YES;
				GCC_WARN_UNINITIALIZED_AUTOS = YES_AGGRESSIVE;
				GCC_WARN_UNUSED_FUNCTION = YES;
				GCC_WARN_UNUSED_VARIABLE = YES;
				IPHONEOS_DEPLOYMENT_TARGET = 9.3;
				MTL_ENABLE_DEBUG_INFO = YES;
				ONLY_ACTIVE_ARCH = YES;
				SDKROOT = iphoneos;
				SWIFT_OPTIMIZATION_LEVEL = "-Onone";
				TARGETED_DEVICE_FAMILY = "1,2";
			};
			name = Debug;
		};
		52EED67C1CB265EF0015D137 /* Release */ = {
			isa = XCBuildConfiguration;
			buildSettings = {
				ALWAYS_SEARCH_USER_PATHS = NO;
				CLANG_ANALYZER_NONNULL = YES;
				CLANG_CXX_LANGUAGE_STANDARD = "gnu++0x";
				CLANG_CXX_LIBRARY = "libc++";
				CLANG_ENABLE_MODULES = YES;
				CLANG_ENABLE_OBJC_ARC = YES;
				CLANG_WARN_BOOL_CONVERSION = YES;
				CLANG_WARN_CONSTANT_CONVERSION = YES;
				CLANG_WARN_DIRECT_OBJC_ISA_USAGE = YES_ERROR;
				CLANG_WARN_EMPTY_BODY = YES;
				CLANG_WARN_ENUM_CONVERSION = YES;
				CLANG_WARN_INT_CONVERSION = YES;
				CLANG_WARN_OBJC_ROOT_CLASS = YES_ERROR;
				CLANG_WARN_UNREACHABLE_CODE = YES;
				CLANG_WARN__DUPLICATE_METHOD_MATCH = YES;
				"CODE_SIGN_IDENTITY[sdk=iphoneos*]" = "iPhone Developer";
				COPY_PHASE_STRIP = NO;
				DEBUG_INFORMATION_FORMAT = "dwarf-with-dsym";
				ENABLE_NS_ASSERTIONS = NO;
				ENABLE_STRICT_OBJC_MSGSEND = YES;
				GCC_C_LANGUAGE_STANDARD = gnu99;
				GCC_NO_COMMON_BLOCKS = YES;
				GCC_WARN_64_TO_32_BIT_CONVERSION = YES;
				GCC_WARN_ABOUT_RETURN_TYPE = YES_ERROR;
				GCC_WARN_UNDECLARED_SELECTOR = YES;
				GCC_WARN_UNINITIALIZED_AUTOS = YES_AGGRESSIVE;
				GCC_WARN_UNUSED_FUNCTION = YES;
				GCC_WARN_UNUSED_VARIABLE = YES;
				IPHONEOS_DEPLOYMENT_TARGET = 9.3;
				MTL_ENABLE_DEBUG_INFO = NO;
				SDKROOT = iphoneos;
				TARGETED_DEVICE_FAMILY = "1,2";
				VALIDATE_PRODUCT = YES;
			};
			name = Release;
		};
		52EED67E1CB265EF0015D137 /* Debug */ = {
			isa = XCBuildConfiguration;
			buildSettings = {
				ASSETCATALOG_COMPILER_APPICON_NAME = AppIcon;
				INFOPLIST_FILE = "gello world/Info.plist";
				LD_RUNPATH_SEARCH_PATHS = "$(inherited) @executable_path/Frameworks";
				PRODUCT_BUNDLE_IDENTIFIER = "com.xiaoyuancai.gello-world";
				PRODUCT_NAME = "$(TARGET_NAME)";
			};
			name = Debug;
		};
		52EED67F1CB265EF0015D137 /* Release */ = {
			isa = XCBuildConfiguration;
			buildSettings = {
				ASSETCATALOG_COMPILER_APPICON_NAME = AppIcon;
				INFOPLIST_FILE = "gello world/Info.plist";
				LD_RUNPATH_SEARCH_PATHS = "$(inherited) @executable_path/Frameworks";
				PRODUCT_BUNDLE_IDENTIFIER = "com.xiaoyuancai.gello-world";
				PRODUCT_NAME = "$(TARGET_NAME)";
			};
			name = Release;
		};
		52EED6811CB265EF0015D137 /* Debug */ = {
			isa = XCBuildConfiguration;
			buildSettings = {
				BUNDLE_LOADER = "$(TEST_HOST)";
				INFOPLIST_FILE = "gello worldTests/Info.plist";
				LD_RUNPATH_SEARCH_PATHS = "$(inherited) @executable_path/Frameworks @loader_path/Frameworks";
				PRODUCT_BUNDLE_IDENTIFIER = "com.xiaoyuancai.gello-worldTests";
				PRODUCT_NAME = "$(TARGET_NAME)";
				TEST_HOST = "$(BUILT_PRODUCTS_DIR)/gello world.app/gello world";
			};
			name = Debug;
		};
		52EED6821CB265EF0015D137 /* Release */ = {
			isa = XCBuildConfiguration;
			buildSettings = {
				BUNDLE_LOADER = "$(TEST_HOST)";
				INFOPLIST_FILE = "gello worldTests/Info.plist";
				LD_RUNPATH_SEARCH_PATHS = "$(inherited) @executable_path/Frameworks @loader_path/Frameworks";
				PRODUCT_BUNDLE_IDENTIFIER = "com.xiaoyuancai.gello-worldTests";
				PRODUCT_NAME = "$(TARGET_NAME)";
				TEST_HOST = "$(BUILT_PRODUCTS_DIR)/gello world.app/gello world";
			};
			name = Release;
		};
		52EED6841CB265EF0015D137 /* Debug */ = {
			isa = XCBuildConfiguration;
			buildSettings = {
				INFOPLIST_FILE = "gello worldUITests/Info.plist";
				LD_RUNPATH_SEARCH_PATHS = "$(inherited) @executable_path/Frameworks @loader_path/Frameworks";
				PRODUCT_BUNDLE_IDENTIFIER = "com.xiaoyuancai.gello-worldUITests";
				PRODUCT_NAME = "$(TARGET_NAME)";
				TEST_TARGET_NAME = "gello world";
			};
			name = Debug;
		};
		52EED6851CB265EF0015D137 /* Release */ = {
			isa = XCBuildConfiguration;
			buildSettings = {
				INFOPLIST_FILE = "gello worldUITests/Info.plist";
				LD_RUNPATH_SEARCH_PATHS = "$(inherited) @executable_path/Frameworks @loader_path/Frameworks";
				PRODUCT_BUNDLE_IDENTIFIER = "com.xiaoyuancai.gello-worldUITests";
				PRODUCT_NAME = "$(TARGET_NAME)";
				TEST_TARGET_NAME = "gello world";
			};
			name = Release;
		};
/* End XCBuildConfiguration section */

/* Begin XCConfigurationList section */
		52EED6501CB265EF0015D137 /* Build configuration list for PBXProject "gello world" */ = {
			isa = XCConfigurationList;
			buildConfigurations = (
				52EED67B1CB265EF0015D137 /* Debug */,
				52EED67C1CB265EF0015D137 /* Release */,
			);
			defaultConfigurationIsVisible = 0;
			defaultConfigurationName = Release;
		};
		52EED67D1CB265EF0015D137 /* Build configuration list for PBXNativeTarget "gello world" */ = {
			isa = XCConfigurationList;
			buildConfigurations = (
				52EED67E1CB265EF0015D137 /* Debug */,
				52EED67F1CB265EF0015D137 /* Release */,
			);
			defaultConfigurationIsVisible = 0;
			defaultConfigurationName = Release;
		};
		52EED6801CB265EF0015D137 /* Build configuration list for PBXNativeTarget "gello worldTests" */ = {
			isa = XCConfigurationList;
			buildConfigurations = (
				52EED6811CB265EF0015D137 /* Debug */,
				52EED6821CB265EF0015D137 /* Release */,
			);
			defaultConfigurationIsVisible = 0;
			defaultConfigurationName = Release;
		};
		52EED6831CB265EF0015D137 /* Build configuration list for PBXNativeTarget "gello worldUITests" */ = {
			isa = XCConfigurationList;
			buildConfigurations = (
				52EED6841CB265EF0015D137 /* Debug */,
				52EED6851CB265EF0015D137 /* Release */,
			);
			defaultConfigurationIsVisible = 0;
			defaultConfigurationName = Release;
		};
/* End XCConfigurationList section */
	};
	rootObject = 52EED64D1CB265EF0015D137 /* Project object */;
}
